
Microsoft Visual Studio Solution File, Format Version 12.00
# Visual Studio Version 17
VisualStudioVersion = 17.8.34525.116
MinimumVisualStudioVersion = 10.0.40219.1
Project("{888888A0-9F3D-457C-B088-3A5042F75D52}") = "RealtimeFacialExpressionDetection", "RealtimeFacialExpressionDetection.pyproj", "{0E1AC901-4A30-4E2F-A6BD-7E799288DF53}"
EndProject
Global
	GlobalSection(SolutionConfigurationPlatforms) = preSolution
		Debug|Any CPU = Debug|Any CPU
		Release|Any CPU = Release|Any CPU
	EndGlobalSection
	GlobalSection(ProjectConfigurationPlatforms) = postSolution
		{0E1AC901-4A30-4E2F-A6BD-7E799288DF53}.Debug|Any CPU.ActiveCfg = Debug|Any CPU
		{0E1AC901-4A30-4E2F-A6BD-7E799288DF53}.Release|Any CPU.ActiveCfg = Release|Any CPU
	EndGlobalSection
	GlobalSection(SolutionProperties) = preSolution
		HideSolutionNode = FALSE
	EndGlobalSection
	GlobalSection(ExtensibilityGlobals) = postSolution
		SolutionGuid = {D2668B2B-51DD-47FB-81C5-8E953961C29D}
	EndGlobalSection
EndGlobal
